
Microsoft Visual Studio Solution File, Format Version 12.00
# Visual Studio Version 17
VisualStudioVersion = 17.13.35806.99 d17.13
MinimumVisualStudioVersion = 10.0.40219.1
Project("{FAE04EC0-301F-11D3-BF4B-00C04F79EFBC}") = "Youtube-Audio-Downloader", "Youtube-Audio-Downloader\Youtube-Audio-Downloader.csproj", "{6087C5E2-2D33-4E4F-911C-3F528DDD9C8F}"
EndProject
Global
	GlobalSection(SolutionConfigurationPlatforms) = preSolution
		Debug|Any CPU = Debug|Any CPU
		Release|Any CPU = Release|Any CPU
	EndGlobalSection
	GlobalSection(ProjectConfigurationPlatforms) = postSolution
		{6087C5E2-2D33-4E4F-911C-3F528DDD9C8F}.Debug|Any CPU.ActiveCfg = Debug|Any CPU
		{6087C5E2-2D33-4E4F-911C-3F528DDD9C8F}.Debug|Any CPU.Build.0 = Debug|Any CPU
		{6087C5E2-2D33-4E4F-911C-3F528DDD9C8F}.Release|Any CPU.ActiveCfg = Release|Any CPU
		{6087C5E2-2D33-4E4F-911C-3F528DDD9C8F}.Release|Any CPU.Build.0 = Release|Any CPU
	EndGlobalSection
	GlobalSection(SolutionProperties) = preSolution
		HideSolutionNode = FALSE
	EndGlobalSection
	GlobalSection(ExtensibilityGlobals) = postSolution
		SolutionGuid = {99BFB787-5E58-4C9C-90ED-1AEEE540BC16}
	EndGlobalSection
EndGlobal
